
Microsoft Visual Studio Solution File, Format Version 12.00
# Visual Studio 15
VisualStudioVersion = 15.0.28010.2050
MinimumVisualStudioVersion = 10.0.40219.1
Project("{FAE04EC0-301F-11D3-BF4B-00C04F79EFBC}") = "3wBetManager-API", "3wBetManager-API\3wBetManager-API.csproj", "{F7AFCD0E-AB19-4601-BAEF-E0457FBB40EA}"
EndProject
Project("{9A19103F-16F7-4668-BE54-9A1E7A4F7556}") = "Models", "Models\Models.csproj", "{B11ADB81-1608-4CB6-8D0C-B66A202D8088}"
EndProject
Project("{9A19103F-16F7-4668-BE54-9A1E7A4F7556}") = "DAO", "DAO\DAO.csproj", "{3AFEF470-6C20-4CE1-B92E-8C410BCA8A22}"
EndProject
Project("{FAE04EC0-301F-11D3-BF4B-00C04F79EFBC}") = "Test", "Test\Test.csproj", "{522E9A36-4BA9-46FE-8F5E-B0CD2AAA3597}"
EndProject
Global
	GlobalSection(SolutionConfigurationPlatforms) = preSolution
		Debug|Any CPU = Debug|Any CPU
		Release|Any CPU = Release|Any CPU
	EndGlobalSection
	GlobalSection(ProjectConfigurationPlatforms) = postSolution
		{F7AFCD0E-AB19-4601-BAEF-E0457FBB40EA}.Debug|Any CPU.ActiveCfg = Debug|Any CPU
		{F7AFCD0E-AB19-4601-BAEF-E0457FBB40EA}.Debug|Any CPU.Build.0 = Debug|Any CPU
		{F7AFCD0E-AB19-4601-BAEF-E0457FBB40EA}.Release|Any CPU.ActiveCfg = Release|Any CPU
		{F7AFCD0E-AB19-4601-BAEF-E0457FBB40EA}.Release|Any CPU.Build.0 = Release|Any CPU
		{B11ADB81-1608-4CB6-8D0C-B66A202D8088}.Debug|Any CPU.ActiveCfg = Debug|Any CPU
		{B11ADB81-1608-4CB6-8D0C-B66A202D8088}.Debug|Any CPU.Build.0 = Debug|Any CPU
		{B11ADB81-1608-4CB6-8D0C-B66A202D8088}.Release|Any CPU.ActiveCfg = Release|Any CPU
		{B11ADB81-1608-4CB6-8D0C-B66A202D8088}.Release|Any CPU.Build.0 = Release|Any CPU
		{3AFEF470-6C20-4CE1-B92E-8C410BCA8A22}.Debug|Any CPU.ActiveCfg = Debug|Any CPU
		{3AFEF470-6C20-4CE1-B92E-8C410BCA8A22}.Debug|Any CPU.Build.0 = Debug|Any CPU
		{3AFEF470-6C20-4CE1-B92E-8C410BCA8A22}.Release|Any CPU.ActiveCfg = Release|Any CPU
		{3AFEF470-6C20-4CE1-B92E-8C410BCA8A22}.Release|Any CPU.Build.0 = Release|Any CPU
		{522E9A36-4BA9-46FE-8F5E-B0CD2AAA3597}.Debug|Any CPU.ActiveCfg = Debug|Any CPU
		{522E9A36-4BA9-46FE-8F5E-B0CD2AAA3597}.Debug|Any CPU.Build.0 = Debug|Any CPU
		{522E9A36-4BA9-46FE-8F5E-B0CD2AAA3597}.Release|Any CPU.ActiveCfg = Release|Any CPU
		{522E9A36-4BA9-46FE-8F5E-B0CD2AAA3597}.Release|Any CPU.Build.0 = Release|Any CPU
	EndGlobalSection
	GlobalSection(SolutionProperties) = preSolution
		HideSolutionNode = FALSE
	EndGlobalSection
	GlobalSection(ExtensibilityGlobals) = postSolution
		SolutionGuid = {4C73EFA5-0807-49A4-AA08-F1D7821AE6A2}
	EndGlobalSection
EndGlobal
