
Microsoft Visual Studio Solution File, Format Version 12.00
# Visual Studio 15
VisualStudioVersion = 15.0.28010.2050
MinimumVisualStudioVersion = 10.0.40219.1
Project("{FAE04EC0-301F-11D3-BF4B-00C04F79EFBC}") = "3wBetManager-API", "3wBetManager-API\3wBetManager-API.csproj", "{F7AFCD0E-AB19-4601-BAEF-E0457FBB40EA}"
EndProject
Project("{FAE04EC0-301F-11D3-BF4B-00C04F79EFBC}") = "Test", "Test\Test.csproj", "{522E9A36-4BA9-46FE-8F5E-B0CD2AAA3597}"
EndProject
Project("{FAE04EC0-301F-11D3-BF4B-00C04F79EFBC}") = "DAO", "DAO\DAO.csproj", "{D68ACE5E-9A8F-42D2-84B8-59BB12511B92}"
EndProject
Project("{FAE04EC0-301F-11D3-BF4B-00C04F79EFBC}") = "Models", "Models\Models.csproj", "{057423D6-1327-47F7-B455-D281935FA5A5}"
EndProject
Project("{FAE04EC0-301F-11D3-BF4B-00C04F79EFBC}") = "Manager", "Manager\Manager.csproj", "{A74CDD4C-56E4-4360-A8A0-EBD0E9885117}"
EndProject
Project("{FAE04EC0-301F-11D3-BF4B-00C04F79EFBC}") = "Proxy", "Proxy\Proxy.csproj", "{59DD1BA3-6456-419D-B6BC-D86D59740443}"
EndProject
Project("{FAE04EC0-301F-11D3-BF4B-00C04F79EFBC}") = "Hub", "Hub\Hub.csproj", "{CFA1851C-44B2-4E92-A6C0-940D9361D275}"
EndProject
Project("{FAE04EC0-301F-11D3-BF4B-00C04F79EFBC}") = "Command", "Command\Command.csproj", "{93735D5C-BB74-47CF-918B-8F27A5E6F71F}"
EndProject
Global
	GlobalSection(SolutionConfigurationPlatforms) = preSolution
		Debug|Any CPU = Debug|Any CPU
		Release|Any CPU = Release|Any CPU
	EndGlobalSection
	GlobalSection(ProjectConfigurationPlatforms) = postSolution
		{F7AFCD0E-AB19-4601-BAEF-E0457FBB40EA}.Debug|Any CPU.ActiveCfg = Debug|Any CPU
		{F7AFCD0E-AB19-4601-BAEF-E0457FBB40EA}.Debug|Any CPU.Build.0 = Debug|Any CPU
		{F7AFCD0E-AB19-4601-BAEF-E0457FBB40EA}.Release|Any CPU.ActiveCfg = Release|Any CPU
		{F7AFCD0E-AB19-4601-BAEF-E0457FBB40EA}.Release|Any CPU.Build.0 = Release|Any CPU
		{522E9A36-4BA9-46FE-8F5E-B0CD2AAA3597}.Debug|Any CPU.ActiveCfg = Debug|Any CPU
		{522E9A36-4BA9-46FE-8F5E-B0CD2AAA3597}.Debug|Any CPU.Build.0 = Debug|Any CPU
		{522E9A36-4BA9-46FE-8F5E-B0CD2AAA3597}.Release|Any CPU.ActiveCfg = Release|Any CPU
		{522E9A36-4BA9-46FE-8F5E-B0CD2AAA3597}.Release|Any CPU.Build.0 = Release|Any CPU
		{D68ACE5E-9A8F-42D2-84B8-59BB12511B92}.Debug|Any CPU.ActiveCfg = Debug|Any CPU
		{D68ACE5E-9A8F-42D2-84B8-59BB12511B92}.Debug|Any CPU.Build.0 = Debug|Any CPU
		{D68ACE5E-9A8F-42D2-84B8-59BB12511B92}.Release|Any CPU.ActiveCfg = Release|Any CPU
		{D68ACE5E-9A8F-42D2-84B8-59BB12511B92}.Release|Any CPU.Build.0 = Release|Any CPU
		{057423D6-1327-47F7-B455-D281935FA5A5}.Debug|Any CPU.ActiveCfg = Debug|Any CPU
		{057423D6-1327-47F7-B455-D281935FA5A5}.Debug|Any CPU.Build.0 = Debug|Any CPU
		{057423D6-1327-47F7-B455-D281935FA5A5}.Release|Any CPU.ActiveCfg = Release|Any CPU
		{057423D6-1327-47F7-B455-D281935FA5A5}.Release|Any CPU.Build.0 = Release|Any CPU
		{A74CDD4C-56E4-4360-A8A0-EBD0E9885117}.Debug|Any CPU.ActiveCfg = Debug|Any CPU
		{A74CDD4C-56E4-4360-A8A0-EBD0E9885117}.Debug|Any CPU.Build.0 = Debug|Any CPU
		{A74CDD4C-56E4-4360-A8A0-EBD0E9885117}.Release|Any CPU.ActiveCfg = Release|Any CPU
		{A74CDD4C-56E4-4360-A8A0-EBD0E9885117}.Release|Any CPU.Build.0 = Release|Any CPU
		{59DD1BA3-6456-419D-B6BC-D86D59740443}.Debug|Any CPU.ActiveCfg = Debug|Any CPU
		{59DD1BA3-6456-419D-B6BC-D86D59740443}.Debug|Any CPU.Build.0 = Debug|Any CPU
		{59DD1BA3-6456-419D-B6BC-D86D59740443}.Release|Any CPU.ActiveCfg = Release|Any CPU
		{59DD1BA3-6456-419D-B6BC-D86D59740443}.Release|Any CPU.Build.0 = Release|Any CPU
		{CFA1851C-44B2-4E92-A6C0-940D9361D275}.Debug|Any CPU.ActiveCfg = Debug|Any CPU
		{CFA1851C-44B2-4E92-A6C0-940D9361D275}.Debug|Any CPU.Build.0 = Debug|Any CPU
		{CFA1851C-44B2-4E92-A6C0-940D9361D275}.Release|Any CPU.ActiveCfg = Release|Any CPU
		{CFA1851C-44B2-4E92-A6C0-940D9361D275}.Release|Any CPU.Build.0 = Release|Any CPU
		{93735D5C-BB74-47CF-918B-8F27A5E6F71F}.Debug|Any CPU.ActiveCfg = Debug|Any CPU
		{93735D5C-BB74-47CF-918B-8F27A5E6F71F}.Debug|Any CPU.Build.0 = Debug|Any CPU
		{93735D5C-BB74-47CF-918B-8F27A5E6F71F}.Release|Any CPU.ActiveCfg = Release|Any CPU
		{93735D5C-BB74-47CF-918B-8F27A5E6F71F}.Release|Any CPU.Build.0 = Release|Any CPU
	EndGlobalSection
	GlobalSection(SolutionProperties) = preSolution
		HideSolutionNode = FALSE
	EndGlobalSection
	GlobalSection(ExtensibilityGlobals) = postSolution
		SolutionGuid = {4C73EFA5-0807-49A4-AA08-F1D7821AE6A2}
	EndGlobalSection
EndGlobal
